
Microsoft Visual Studio Solution File, Format Version 12.00
# Visual Studio Version 17
VisualStudioVersion = 17.13.35931.197
MinimumVisualStudioVersion = 10.0.40219.1
Project("{FAE04EC0-301F-11D3-BF4B-00C04F79EFBC}") = "JEditor", "JEditor\JEditor.csproj", "{7DBEEDE7-1681-4D16-888B-BE02135BC1DB}"
EndProject
Project("{FAE04EC0-301F-11D3-BF4B-00C04F79EFBC}") = "JControls", "JControls\JControls.csproj", "{1E3B6A1B-44C7-48F2-929E-EBC570099A54}"
EndProject
Project("{FAE04EC0-301F-11D3-BF4B-00C04F79EFBC}") = "JControlTest", "JControlTest\JControlTest.csproj", "{1329C30B-5D7C-4582-9DF3-9E92FC8E5DF1}"
EndProject
Global
	GlobalSection(SolutionConfigurationPlatforms) = preSolution
		Debug|Any CPU = Debug|Any CPU
		Release|Any CPU = Release|Any CPU
	EndGlobalSection
	GlobalSection(ProjectConfigurationPlatforms) = postSolution
		{7DBEEDE7-1681-4D16-888B-BE02135BC1DB}.Debug|Any CPU.ActiveCfg = Debug|Any CPU
		{7DBEEDE7-1681-4D16-888B-BE02135BC1DB}.Debug|Any CPU.Build.0 = Debug|Any CPU
		{7DBEEDE7-1681-4D16-888B-BE02135BC1DB}.Release|Any CPU.ActiveCfg = Release|Any CPU
		{7DBEEDE7-1681-4D16-888B-BE02135BC1DB}.Release|Any CPU.Build.0 = Release|Any CPU
		{1E3B6A1B-44C7-48F2-929E-EBC570099A54}.Debug|Any CPU.ActiveCfg = Debug|Any CPU
		{1E3B6A1B-44C7-48F2-929E-EBC570099A54}.Debug|Any CPU.Build.0 = Debug|Any CPU
		{1E3B6A1B-44C7-48F2-929E-EBC570099A54}.Release|Any CPU.ActiveCfg = Release|Any CPU
		{1E3B6A1B-44C7-48F2-929E-EBC570099A54}.Release|Any CPU.Build.0 = Release|Any CPU
		{1329C30B-5D7C-4582-9DF3-9E92FC8E5DF1}.Debug|Any CPU.ActiveCfg = Debug|Any CPU
		{1329C30B-5D7C-4582-9DF3-9E92FC8E5DF1}.Debug|Any CPU.Build.0 = Debug|Any CPU
		{1329C30B-5D7C-4582-9DF3-9E92FC8E5DF1}.Release|Any CPU.ActiveCfg = Release|Any CPU
		{1329C30B-5D7C-4582-9DF3-9E92FC8E5DF1}.Release|Any CPU.Build.0 = Release|Any CPU
	EndGlobalSection
	GlobalSection(SolutionProperties) = preSolution
		HideSolutionNode = FALSE
	EndGlobalSection
	GlobalSection(ExtensibilityGlobals) = postSolution
		SolutionGuid = {2A24416E-78A8-45AC-BB48-D609768D24EC}
	EndGlobalSection
EndGlobal
